// !$*UTF8*$!
{
	archiveVersion = 1;
	classes = {
	};
	objectVersion = 50;
	objects = {

/* Begin PBXBuildFile section */
		5540F23B209EE17000B404DB /* AppDelegate.m in Sources */ = {isa = PBXBuildFile; fileRef = 5540F23A209EE17000B404DB /* AppDelegate.m */; };
		5540F23E209EE17100B404DB /* ViewController.m in Sources */ = {isa = PBXBuildFile; fileRef = 5540F23D209EE17100B404DB /* ViewController.m */; };
		5540F241209EE17100B404DB /* Main.storyboard in Resources */ = {isa = PBXBuildFile; fileRef = 5540F23F209EE17100B404DB /* Main.storyboard */; };
		5540F243209EE17200B404DB /* Assets.xcassets in Resources */ = {isa = PBXBuildFile; fileRef = 5540F242209EE17200B404DB /* Assets.xcassets */; };
		5540F246209EE17200B404DB /* LaunchScreen.storyboard in Resources */ = {isa = PBXBuildFile; fileRef = 5540F244209EE17200B404DB /* LaunchScreen.storyboard */; };
		5540F249209EE17200B404DB /* main.m in Sources */ = {isa = PBXBuildFile; fileRef = 5540F248209EE17200B404DB /* main.m */; };
		5540F253209EE17200B404DB /* DemoTests.m in Sources */ = {isa = PBXBuildFile; fileRef = 5540F252209EE17200B404DB /* DemoTests.m */; };
		5540F25E209EE17200B404DB /* DemoUITests.m in Sources */ = {isa = PBXBuildFile; fileRef = 5540F25D209EE17200B404DB /* DemoUITests.m */; };
/* End PBXBuildFile section */

/* Begin PBXContainerItemProxy section */
		5540F24F209EE17200B404DB /* PBXContainerItemProxy */ = {
			isa = PBXContainerItemProxy;
			containerPortal = 5540F22E209EE17000B404DB /* Project object */;
			proxyType = 1;
			remoteGlobalIDString = 5540F235209EE17000B404DB;
			remoteInfo = Demo;
		};
		5540F25A209EE17200B404DB /* PBXContainerItemProxy */ = {
			isa = PBXContainerItemProxy;
			containerPortal = 5540F22E209EE17000B404DB /* Project object */;
			proxyType = 1;
			remoteGlobalIDString = 5540F235209EE17000B404DB;
			remoteInfo = Demo;
		};
/* End PBXContainerItemProxy section */

/* Begin PBXFileReference section */
		5540F236209EE17000B404DB /* Demo.app */ = {isa = PBXFileReference; explicitFileType = wrapper.application; includeInIndex = 0; path = Demo.app; sourceTree = BUILT_PRODUCTS_DIR; };
		5540F239209EE17000B404DB /* AppDelegate.h */ = {isa = PBXFileReference; lastKnownFileType = sourcecode.c.h; path = AppDelegate.h; sourceTree = "<group>"; };
		5540F23A209EE17000B404DB /* AppDelegate.m */ = {isa = PBXFileReference; lastKnownFileType = sourcecode.c.objc; path = AppDelegate.m; sourceTree = "<group>"; };
		5540F23C209EE17100B404DB /* ViewController.h */ = {isa = PBXFileReference; lastKnownFileType = sourcecode.c.h; path = ViewController.h; sourceTree = "<group>"; };
		5540F23D209EE17100B404DB /* ViewController.m */ = {isa = PBXFileReference; lastKnownFileType = sourcecode.c.objc; path = ViewController.m; sourceTree = "<group>"; };
		5540F240209EE17100B404DB /* Base */ = {isa = PBXFileReference; lastKnownFileType = file.storyboard; name = Base; path = Base.lproj/Main.storyboard; sourceTree = "<group>"; };
		5540F242209EE17200B404DB /* Assets.xcassets */ = {isa = PBXFileReference; lastKnownFileType = folder.assetcatalog; path = Assets.xcassets; sourceTree = "<group>"; };
		5540F245209EE17200B404DB /* Base */ = {isa = PBXFileReference; lastKnownFileType = file.storyboard; name = Base; path = Base.lproj/LaunchScreen.storyboard; sourceTree = "<group>"; };
		5540F247209EE17200B404DB /* Info.plist */ = {isa = PBXFileReference; lastKnownFileType = text.plist.xml; path = Info.plist; sourceTree = "<group>"; };
		5540F248209EE17200B404DB /* main.m */ = {isa = PBXFileReference; lastKnownFileType = sourcecode.c.objc; path = main.m; sourceTree = "<group>"; };
		5540F24E209EE17200B404DB /* DemoTests.xctest */ = {isa = PBXFileReference; explicitFileType = wrapper.cfbundle; includeInIndex = 0; path = DemoTests.xctest; sourceTree = BUILT_PRODUCTS_DIR; };
		5540F252209EE17200B404DB /* DemoTests.m */ = {isa = PBXFileReference; lastKnownFileType = sourcecode.c.objc; path = DemoTests.m; sourceTree = "<group>"; };
		5540F254209EE17200B404DB /* Info.plist */ = {isa = PBXFileReference; lastKnownFileType = text.plist.xml; path = Info.plist; sourceTree = "<group>"; };
		5540F259209EE17200B404DB /* DemoUITests.xctest */ = {isa = PBXFileReference; explicitFileType = wrapper.cfbundle; includeInIndex = 0; path = DemoUITests.xctest; sourceTree = BUILT_PRODUCTS_DIR; };
		5540F25D209EE17200B404DB /* DemoUITests.m */ = {isa = PBXFileReference; lastKnownFileType = sourcecode.c.objc; path = DemoUITests.m; sourceTree = "<group>"; };
		5540F25F209EE17200B404DB /* Info.plist */ = {isa = PBXFileReference; lastKnownFileType = text.plist.xml; path = Info.plist; sourceTree = "<group>"; };
/* End PBXFileReference section */

/* Begin PBXFrameworksBuildPhase section */
		5540F233209EE17000B404DB /* Frameworks */ = {
			isa = PBXFrameworksBuildPhase;
			buildActionMask = 2147483647;
			files = (
			);
			runOnlyForDeploymentPostprocessing = 0;
		};
		5540F24B209EE17200B404DB /* Frameworks */ = {
			isa = PBXFrameworksBuildPhase;
			buildActionMask = 2147483647;
			files = (
			);
			runOnlyForDeploymentPostprocessing = 0;
		};
		5540F256209EE17200B404DB /* Frameworks */ = {
			isa = PBXFrameworksBuildPhase;
			buildActionMask = 2147483647;
			files = (
			);
			runOnlyForDeploymentPostprocessing = 0;
		};
/* End PBXFrameworksBuildPhase section */

/* Begin PBXGroup section */
		5540F22D209EE17000B404DB = {
			isa = PBXGroup;
			children = (
				5540F238209EE17000B404DB /* Demo */,
				5540F251209EE17200B404DB /* DemoTests */,
				5540F25C209EE17200B404DB /* DemoUITests */,
				5540F237209EE17000B404DB /* Products */,
			);
			sourceTree = "<group>";
		};
		5540F237209EE17000B404DB /* Products */ = {
			isa = PBXGroup;
			children = (
				5540F236209EE17000B404DB /* Demo.app */,
				5540F24E209EE17200B404DB /* DemoTests.xctest */,
				5540F259209EE17200B404DB /* DemoUITests.xctest */,
			);
			name = Products;
			sourceTree = "<group>";
		};
		5540F238209EE17000B404DB /* Demo */ = {
			isa = PBXGroup;
			children = (
				5540F239209EE17000B404DB /* AppDelegate.h */,
				5540F23A209EE17000B404DB /* AppDelegate.m */,
				5540F23C209EE17100B404DB /* ViewController.h */,
				5540F23D209EE17100B404DB /* ViewController.m */,
				5540F23F209EE17100B404DB /* Main.storyboard */,
				5540F242209EE17200B404DB /* Assets.xcassets */,
				5540F244209EE17200B404DB /* LaunchScreen.storyboard */,
				5540F247209EE17200B404DB /* Info.plist */,
				5540F248209EE17200B404DB /* main.m */,
			);
			path = Demo;
			sourceTree = "<group>";
		};
		5540F251209EE17200B404DB /* DemoTests */ = {
			isa = PBXGroup;
			children = (
				5540F252209EE17200B404DB /* DemoTests.m */,
				5540F254209EE17200B404DB /* Info.plist */,
			);
			path = DemoTests;
			sourceTree = "<group>";
		};
		5540F25C209EE17200B404DB /* DemoUITests */ = {
			isa = PBXGroup;
			children = (
				5540F25D209EE17200B404DB /* DemoUITests.m */,
				5540F25F209EE17200B404DB /* Info.plist */,
			);
			path = DemoUITests;
			sourceTree = "<group>";
		};
/* End PBXGroup section */

/* Begin PBXNativeTarget section */
		5540F235209EE17000B404DB /* Demo */ = {
			isa = PBXNativeTarget;
			buildConfigurationList = 5540F262209EE17200B404DB /* Build configuration list for PBXNativeTarget "Demo" */;
			buildPhases = (
				5540F232209EE17000B404DB /* Sources */,
				5540F233209EE17000B404DB /* Frameworks */,
				5540F234209EE17000B404DB /* Resources */,
			);
			buildRules = (
			);
			dependencies = (
			);
			name = Demo;
			productName = Demo;
			productReference = 5540F236209EE17000B404DB /* Demo.app */;
			productType = "com.apple.product-type.application";
		};
		5540F24D209EE17200B404DB /* DemoTests */ = {
			isa = PBXNativeTarget;
			buildConfigurationList = 5540F265209EE17200B404DB /* Build configuration list for PBXNativeTarget "DemoTests" */;
			buildPhases = (
				5540F24A209EE17200B404DB /* Sources */,
				5540F24B209EE17200B404DB /* Frameworks */,
				5540F24C209EE17200B404DB /* Resources */,
			);
			buildRules = (
			);
			dependencies = (
				5540F250209EE17200B404DB /* PBXTargetDependency */,
			);
			name = DemoTests;
			productName = DemoTests;
			productReference = 5540F24E209EE17200B404DB /* DemoTests.xctest */;
			productType = "com.apple.product-type.bundle.unit-test";
		};
		5540F258209EE17200B404DB /* DemoUITests */ = {
			isa = PBXNativeTarget;
			buildConfigurationList = 5540F268209EE17200B404DB /* Build configuration list for PBXNativeTarget "DemoUITests" */;
			buildPhases = (
				5540F255209EE17200B404DB /* Sources */,
				5540F256209EE17200B404DB /* Frameworks */,
				5540F257209EE17200B404DB /* Resources */,
			);
			buildRules = (
			);
			dependencies = (
				5540F25B209EE17200B404DB /* PBXTargetDependency */,
			);
			name = DemoUITests;
			productName = DemoUITests;
			productReference = 5540F259209EE17200B404DB /* DemoUITests.xctest */;
			productType = "com.apple.product-type.bundle.ui-testing";
		};
/* End PBXNativeTarget section */

/* Begin PBXProject section */
		5540F22E209EE17000B404DB /* Project object */ = {
			isa = PBXProject;
			attributes = {
				LastUpgradeCheck = 0930;
				ORGANIZATIONNAME = "胡欣妍";
				TargetAttributes = {
					5540F235209EE17000B404DB = {
						CreatedOnToolsVersion = 9.3;
					};
					5540F24D209EE17200B404DB = {
						CreatedOnToolsVersion = 9.3;
						TestTargetID = 5540F235209EE17000B404DB;
					};
					5540F258209EE17200B404DB = {
						CreatedOnToolsVersion = 9.3;
						TestTargetID = 5540F235209EE17000B404DB;
					};
				};
			};
			buildConfigurationList = 5540F231209EE17000B404DB /* Build configuration list for PBXProject "Demo" */;
			compatibilityVersion = "Xcode 9.3";
			developmentRegion = en;
			hasScannedForEncodings = 0;
			knownRegions = (
				en,
				Base,
			);
			mainGroup = 5540F22D209EE17000B404DB;
			productRefGroup = 5540F237209EE17000B404DB /* Products */;
			projectDirPath = "";
			projectRoot = "";
			targets = (
				5540F235209EE17000B404DB /* Demo */,
				5540F24D209EE17200B404DB /* DemoTests */,
				5540F258209EE17200B404DB /* DemoUITests */,
			);
		};
/* End PBXProject section */

/* Begin PBXResourcesBuildPhase section */
		5540F234209EE17000B404DB /* Resources */ = {
			isa = PBXResourcesBuildPhase;
			buildActionMask = 2147483647;
			files = (
				5540F246209EE17200B404DB /* LaunchScreen.storyboard in Resources */,
				5540F243209EE17200B404DB /* Assets.xcassets in Resources */,
				5540F241209EE17100B404DB /* Main.storyboard in Resources */,
			);
			runOnlyForDeploymentPostprocessing = 0;
		};
		5540F24C209EE17200B404DB /* Resources */ = {
			isa = PBXResourcesBuildPhase;
			buildActionMask = 2147483647;
			files = (
			);
			runOnlyForDeploymentPostprocessing = 0;
		};
		5540F257209EE17200B404DB /* Resources */ = {
			isa = PBXResourcesBuildPhase;
			buildActionMask = 2147483647;
			files = (
			);
			runOnlyForDeploymentPostprocessing = 0;
		};
/* End PBXResourcesBuildPhase section */

/* Begin PBXSourcesBuildPhase section */
		5540F232209EE17000B404DB /* Sources */ = {
			isa = PBXSourcesBuildPhase;
			buildActionMask = 2147483647;
			files = (
				5540F23E209EE17100B404DB /* ViewController.m in Sources */,
				5540F249209EE17200B404DB /* main.m in Sources */,
				5540F23B209EE17000B404DB /* AppDelegate.m in Sources */,
			);
			runOnlyForDeploymentPostprocessing = 0;
		};
		5540F24A209EE17200B404DB /* Sources */ = {
			isa = PBXSourcesBuildPhase;
			buildActionMask = 2147483647;
			files = (
				5540F253209EE17200B404DB /* DemoTests.m in Sources */,
			);
			runOnlyForDeploymentPostprocessing = 0;
		};
		5540F255209EE17200B404DB /* Sources */ = {
			isa = PBXSourcesBuildPhase;
			buildActionMask = 2147483647;
			files = (
				5540F25E209EE17200B404DB /* DemoUITests.m in Sources */,
			);
			runOnlyForDeploymentPostprocessing = 0;
		};
/* End PBXSourcesBuildPhase section */

/* Begin PBXTargetDependency section */
		5540F250209EE17200B404DB /* PBXTargetDependency */ = {
			isa = PBXTargetDependency;
			target = 5540F235209EE17000B404DB /* Demo */;
			targetProxy = 5540F24F209EE17200B404DB /* PBXContainerItemProxy */;
		};
		5540F25B209EE17200B404DB /* PBXTargetDependency */ = {
			isa = PBXTargetDependency;
			target = 5540F235209EE17000B404DB /* Demo */;
			targetProxy = 5540F25A209EE17200B404DB /* PBXContainerItemProxy */;
		};
/* End PBXTargetDependency section */

/* Begin PBXVariantGroup section */
		5540F23F209EE17100B404DB /* Main.storyboard */ = {
			isa = PBXVariantGroup;
			children = (
				5540F240209EE17100B404DB /* Base */,
			);
			name = Main.storyboard;
			sourceTree = "<group>";
		};
		5540F244209EE17200B404DB /* LaunchScreen.storyboard */ = {
			isa = PBXVariantGroup;
			children = (
				5540F245209EE17200B404DB /* Base */,
			);
			name = LaunchScreen.storyboard;
			sourceTree = "<group>";
		};
/* End PBXVariantGroup section */

/* Begin XCBuildConfiguration section */
		5540F260209EE17200B404DB /* Debug */ = {
			isa = XCBuildConfiguration;
			buildSettings = {
				ALWAYS_SEARCH_USER_PATHS = NO;
				CLANG_ANALYZER_NONNULL = YES;
				CLANG_ANALYZER_NUMBER_OBJECT_CONVERSION = YES_AGGRESSIVE;
				CLANG_CXX_LANGUAGE_STANDARD = "gnu++14";
				CLANG_CXX_LIBRARY = "libc++";
				CLANG_ENABLE_MODULES = YES;
				CLANG_ENABLE_OBJC_ARC = YES;
				CLANG_ENABLE_OBJC_WEAK = YES;
				CLANG_WARN_BLOCK_CAPTURE_AUTORELEASING = YES;
				CLANG_WARN_BOOL_CONVERSION = YES;
				CLANG_WARN_COMMA = YES;
				CLANG_WARN_CONSTANT_CONVERSION = YES;
				CLANG_WARN_DEPRECATED_OBJC_IMPLEMENTATIONS = YES;
				CLANG_WARN_DIRECT_OBJC_ISA_USAGE = YES_ERROR;
				CLANG_WARN_DOCUMENTATION_COMMENTS = YES;
				CLANG_WARN_EMPTY_BODY = YES;
				CLANG_WARN_ENUM_CONVERSION = YES;
				CLANG_WARN_INFINITE_RECURSION = YES;
				CLANG_WARN_INT_CONVERSION = YES;
				CLANG_WARN_NON_LITERAL_NULL_CONVERSION = YES;
				CLANG_WARN_OBJC_IMPLICIT_RETAIN_SELF = YES;
				CLANG_WARN_OBJC_LITERAL_CONVERSION = YES;
				CLANG_WARN_OBJC_ROOT_CLASS = YES_ERROR;
				CLANG_WARN_RANGE_LOOP_ANALYSIS = YES;
				CLANG_WARN_STRICT_PROTOTYPES = YES;
				CLANG_WARN_SUSPICIOUS_MOVE = YES;
				CLANG_WARN_UNGUARDED_AVAILABILITY = YES_AGGRESSIVE;
				CLANG_WARN_UNREACHABLE_CODE = YES;
				CLANG_WARN__DUPLICATE_METHOD_MATCH = YES;
				CODE_SIGN_IDENTITY = "iPhone Developer";
				COPY_PHASE_STRIP = NO;
				DEBUG_INFORMATION_FORMAT = dwarf;
				ENABLE_STRICT_OBJC_MSGSEND = YES;
				ENABLE_TESTABILITY = YES;
				GCC_C_LANGUAGE_STANDARD = gnu11;
				GCC_DYNAMIC_NO_PIC = NO;
				GCC_NO_COMMON_BLOCKS = YES;
				GCC_OPTIMIZATION_LEVEL = 0;
				GCC_PREPROCESSOR_DEFINITIONS = (
					"DEBUG=1",
					"$(inherited)",
				);
				GCC_WARN_64_TO_32_BIT_CONVERSION = YES;
				GCC_WARN_ABOUT_RETURN_TYPE = YES_ERROR;
				GCC_WARN_UNDECLARED_SELECTOR = YES;
				GCC_WARN_UNINITIALIZED_AUTOS = YES_AGGRESSIVE;
				GCC_WARN_UNUSED_FUNCTION = YES;
				GCC_WARN_UNUSED_VARIABLE = YES;
				IPHONEOS_DEPLOYMENT_TARGET = 11.3;
				MTL_ENABLE_DEBUG_INFO = YES;
				ONLY_ACTIVE_ARCH = YES;
				SDKROOT = iphoneos;
			};
			name = Debug;
		};
		5540F261209EE17200B404DB /* Release */ = {
			isa = XCBuildConfiguration;
			buildSettings = {
				ALWAYS_SEARCH_USER_PATHS = NO;
				CLANG_ANALYZER_NONNULL = YES;
				CLANG_ANALYZER_NUMBER_OBJECT_CONVERSION = YES_AGGRESSIVE;
				CLANG_CXX_LANGUAGE_STANDARD = "gnu++14";
				CLANG_CXX_LIBRARY = "libc++";
				CLANG_ENABLE_MODULES = YES;
				CLANG_ENABLE_OBJC_ARC = YES;
				CLANG_ENABLE_OBJC_WEAK = YES;
				CLANG_WARN_BLOCK_CAPTURE_AUTORELEASING = YES;
				CLANG_WARN_BOOL_CONVERSION = YES;
				CLANG_WARN_COMMA = YES;
				CLANG_WARN_CONSTANT_CONVERSION = YES;
				CLANG_WARN_DEPRECATED_OBJC_IMPLEMENTATIONS = YES;
				CLANG_WARN_DIRECT_OBJC_ISA_USAGE = YES_ERROR;
				CLANG_WARN_DOCUMENTATION_COMMENTS = YES;
				CLANG_WARN_EMPTY_BODY = YES;
				CLANG_WARN_ENUM_CONVERSION = YES;
				CLANG_WARN_INFINITE_RECURSION = YES;
				CLANG_WARN_INT_CONVERSION = YES;
				CLANG_WARN_NON_LITERAL_NULL_CONVERSION = YES;
				CLANG_WARN_OBJC_IMPLICIT_RETAIN_SELF = YES;
				CLANG_WARN_OBJC_LITERAL_CONVERSION = YES;
				CLANG_WARN_OBJC_ROOT_CLASS = YES_ERROR;
				CLANG_WARN_RANGE_LOOP_ANALYSIS = YES;
				CLANG_WARN_STRICT_PROTOTYPES = YES;
				CLANG_WARN_SUSPICIOUS_MOVE = YES;
				CLANG_WARN_UNGUARDED_AVAILABILITY = YES_AGGRESSIVE;
				CLANG_WARN_UNREACHABLE_CODE = YES;
				CLANG_WARN__DUPLICATE_METHOD_MATCH = YES;
				CODE_SIGN_IDENTITY = "iPhone Developer";
				COPY_PHASE_STRIP = NO;
				DEBUG_INFORMATION_FORMAT = "dwarf-with-dsym";
				ENABLE_NS_ASSERTIONS = NO;
				ENABLE_STRICT_OBJC_MSGSEND = YES;
				GCC_C_LANGUAGE_STANDARD = gnu11;
				GCC_NO_COMMON_BLOCKS = YES;
				GCC_WARN_64_TO_32_BIT_CONVERSION = YES;
				GCC_WARN_ABOUT_RETURN_TYPE = YES_ERROR;
				GCC_WARN_UNDECLARED_SELECTOR = YES;
				GCC_WARN_UNINITIALIZED_AUTOS = YES_AGGRESSIVE;
				GCC_WARN_UNUSED_FUNCTION = YES;
				GCC_WARN_UNUSED_VARIABLE = YES;
				IPHONEOS_DEPLOYMENT_TARGET = 11.3;
				MTL_ENABLE_DEBUG_INFO = NO;
				SDKROOT = iphoneos;
				VALIDATE_PRODUCT = YES;
			};
			name = Release;
		};
		5540F263209EE17200B404DB /* Debug */ = {
			isa = XCBuildConfiguration;
			buildSettings = {
				ASSETCATALOG_COMPILER_APPICON_NAME = AppIcon;
				CODE_SIGN_STYLE = Automatic;
				DEVELOPMENT_TEAM = HF4RL3535R;
				INFOPLIST_FILE = Demo/Info.plist;
				LD_RUNPATH_SEARCH_PATHS = (
					"$(inherited)",
					"@executable_path/Frameworks",
				);
				PRODUCT_BUNDLE_IDENTIFIER = hxy.Demo;
				PRODUCT_NAME = "$(TARGET_NAME)";
				TARGETED_DEVICE_FAMILY = "1,2";
			};
			name = Debug;
		};
		5540F264209EE17200B404DB /* Release */ = {
			isa = XCBuildConfiguration;
			buildSettings = {
				ASSETCATALOG_COMPILER_APPICON_NAME = AppIcon;
				CODE_SIGN_STYLE = Automatic;
				DEVELOPMENT_TEAM = HF4RL3535R;
				INFOPLIST_FILE = Demo/Info.plist;
				LD_RUNPATH_SEARCH_PATHS = (
					"$(inherited)",
					"@executable_path/Frameworks",
				);
				PRODUCT_BUNDLE_IDENTIFIER = hxy.Demo;
				PRODUCT_NAME = "$(TARGET_NAME)";
				TARGETED_DEVICE_FAMILY = "1,2";
			};
			name = Release;
		};
		5540F266209EE17200B404DB /* Debug */ = {
			isa = XCBuildConfiguration;
			buildSettings = {
				BUNDLE_LOADER = "$(TEST_HOST)";
				CODE_SIGN_STYLE = Automatic;
				DEVELOPMENT_TEAM = HF4RL3535R;
				INFOPLIST_FILE = DemoTests/Info.plist;
				LD_RUNPATH_SEARCH_PATHS = (
					"$(inherited)",
					"@executable_path/Frameworks",
					"@loader_path/Frameworks",
				);
				PRODUCT_BUNDLE_IDENTIFIER = hxy.DemoTests;
				PRODUCT_NAME = "$(TARGET_NAME)";
				TARGETED_DEVICE_FAMILY = "1,2";
				TEST_HOST = "$(BUILT_PRODUCTS_DIR)/Demo.app/Demo";
			};
			name = Debug;
		};
		5540F267209EE17200B404DB /* Release */ = {
			isa = XCBuildConfiguration;
			buildSettings = {
				BUNDLE_LOADER = "$(TEST_HOST)";
				CODE_SIGN_STYLE = Automatic;
				DEVELOPMENT_TEAM = HF4RL3535R;
				INFOPLIST_FILE = DemoTests/Info.plist;
				LD_RUNPATH_SEARCH_PATHS = (
					"$(inherited)",
					"@executable_path/Frameworks",
					"@loader_path/Frameworks",
				);
				PRODUCT_BUNDLE_IDENTIFIER = hxy.DemoTests;
				PRODUCT_NAME = "$(TARGET_NAME)";
				TARGETED_DEVICE_FAMILY = "1,2";
				TEST_HOST = "$(BUILT_PRODUCTS_DIR)/Demo.app/Demo";
			};
			name = Release;
		};
		5540F269209EE17200B404DB /* Debug */ = {
			isa = XCBuildConfiguration;
			buildSettings = {
				CODE_SIGN_STYLE = Automatic;
				DEVELOPMENT_TEAM = HF4RL3535R;
				INFOPLIST_FILE = DemoUITests/Info.plist;
				LD_RUNPATH_SEARCH_PATHS = (
					"$(inherited)",
					"@executable_path/Frameworks",
					"@loader_path/Frameworks",
				);
				PRODUCT_BUNDLE_IDENTIFIER = hxy.DemoUITests;
				PRODUCT_NAME = "$(TARGET_NAME)";
				TARGETED_DEVICE_FAMILY = "1,2";
				TEST_TARGET_NAME = Demo;
			};
			name = Debug;
		};
		5540F26A209EE17200B404DB /* Release */ = {
			isa = XCBuildConfiguration;
			buildSettings = {
				CODE_SIGN_STYLE = Automatic;
				DEVELOPMENT_TEAM = HF4RL3535R;
				INFOPLIST_FILE = DemoUITests/Info.plist;
				LD_RUNPATH_SEARCH_PATHS = (
					"$(inherited)",
					"@executable_path/Frameworks",
					"@loader_path/Frameworks",
				);
				PRODUCT_BUNDLE_IDENTIFIER = hxy.DemoUITests;
				PRODUCT_NAME = "$(TARGET_NAME)";
				TARGETED_DEVICE_FAMILY = "1,2";
				TEST_TARGET_NAME = Demo;
			};
			name = Release;
		};
/* End XCBuildConfiguration section */

/* Begin XCConfigurationList section */
		5540F231209EE17000B404DB /* Build configuration list for PBXProject "Demo" */ = {
			isa = XCConfigurationList;
			buildConfigurations = (
				5540F260209EE17200B404DB /* Debug */,
				5540F261209EE17200B404DB /* Release */,
			);
			defaultConfigurationIsVisible = 0;
			defaultConfigurationName = Release;
		};
		5540F262209EE17200B404DB /* Build configuration list for PBXNativeTarget "Demo" */ = {
			isa = XCConfigurationList;
			buildConfigurations = (
				5540F263209EE17200B404DB /* Debug */,
				5540F264209EE17200B404DB /* Release */,
			);
			defaultConfigurationIsVisible = 0;
			defaultConfigurationName = Release;
		};
		5540F265209EE17200B404DB /* Build configuration list for PBXNativeTarget "DemoTests" */ = {
			isa = XCConfigurationList;
			buildConfigurations = (
				5540F266209EE17200B404DB /* Debug */,
				5540F267209EE17200B404DB /* Release */,
			);
			defaultConfigurationIsVisible = 0;
			defaultConfigurationName = Release;
		};
		5540F268209EE17200B404DB /* Build configuration list for PBXNativeTarget "DemoUITests" */ = {
			isa = XCConfigurationList;
			buildConfigurations = (
				5540F269209EE17200B404DB /* Debug */,
				5540F26A209EE17200B404DB /* Release */,
			);
			defaultConfigurationIsVisible = 0;
			defaultConfigurationName = Release;
		};
/* End XCConfigurationList section */
	};
	rootObject = 5540F22E209EE17000B404DB /* Project object */;
}
